{
  "version": 1,
  "dependencies": {
    "net10.0": {
      "AWSSDK.S3": {
        "type": "Direct",
        "requested": "[4.0.17.1, )",
        "resolved": "4.0.17.1",
        "contentHash": "LKSufHYQhetc2SfCr0jlvQ+f5COn3deM3t63yA/Jh/k7H4Nv+B9CxSl/CN4Jsrc1TohyLV8ow5LwvABouAhvRg==",
        "dependencies": {
          "AWSSDK.Core": "[4.0.3.8, 5.0.0)"
        }
      },
      "DotNetEnv": {
        "type": "Direct",
        "requested": "[3.1.1, )",
        "resolved": "3.1.1",
        "contentHash": "o4SqUVCq0pqHF/HYsZk6k22XGIVmvsDVo+Dy7l0ubq9uQ45JkXswrMRJmYvhGLXWFYF0M5OupMonytB+0zvpGQ==",
        "dependencies": {
          "NETStandard.Library": "1.6.1",
          "Sprache": "2.3.1"
        }
      },
      "EFCore.NamingConventions": {
        "type": "Direct",
        "requested": "[10.0.0, )",
        "resolved": "10.0.0",
        "contentHash": "gEJLy60tsQaPT69vkNFtyYKd2WcBcPB71vE2IKqAuJfP4UrC3gh4DAMR9+TpUpxGCQyRQ3IOO4SzIb+KfjTw6Q==",
        "dependencies": {
          "Microsoft.EntityFrameworkCore": "[10.0.1, 11.0.0)",
          "Microsoft.EntityFrameworkCore.Relational": "[10.0.1, 11.0.0)"
        }
      },
      "MiniProfiler.AspNetCore.Mvc": {
        "type": "Direct",
        "requested": "[4.5.4, )",
        "resolved": "4.5.4",
        "contentHash": "+NqXyCy9aNdroPm6leW5+cpngtCnkCdoyOlJzvVN62uucSx+MYkx8jmKbgAt+aCP6aghADfHBExwrTIldHxapg==",
        "dependencies": {
          "MiniProfiler.AspNetCore": "4.5.4"
        }
      },
      "MiniProfiler.EntityFrameworkCore": {
        "type": "Direct",
        "requested": "[4.5.4, )",
        "resolved": "4.5.4",
        "contentHash": "SSOuBYtNbM8AMmsYMP6Edr7iBfVYzswVt/yoIDboBRLLUgkA4SyROCJuTTtZ8eJSzlNuq5DIR+BLCCcigaV/vw==",
        "dependencies": {
          "Microsoft.EntityFrameworkCore.Relational": "8.0.11",
          "MiniProfiler.Shared": "4.5.4"
        }
      },
      "Npgsql.EntityFrameworkCore.PostgreSQL": {
        "type": "Direct",
        "requested": "[10.0.0, )",
        "resolved": "10.0.0",
        "contentHash": "E2+uSWxSB8LdsUVwPaqRWOcGOP92biry2JEwc0KJMdLJF+aZdczeIdEXVwEyv4nSVMQJH0o8tLhyAMiR6VF0lw==",
        "dependencies": {
          "Microsoft.EntityFrameworkCore": "[10.0.0, 11.0.0)",
          "Microsoft.EntityFrameworkCore.Relational": "[10.0.0, 11.0.0)",
          "Npgsql": "10.0.0"
        }
      },
      "SixLabors.ImageSharp": {
        "type": "Direct",
        "requested": "[3.1.12, )",
        "resolved": "3.1.12",
        "contentHash": "iAg6zifihXEFS/t7fiHhZBGAdCp3FavsF4i2ZIDp0JfeYeDVzvmlbY1CNhhIKimaIzrzSi5M/NBFcWvZT2rB/A=="
      },
      "System.Drawing.Common": {
        "type": "Direct",
        "requested": "[10.0.2, )",
        "resolved": "10.0.2",
        "contentHash": "nCq8jeGD4vWaUjX3nGaDMKYqfFPposw2f4KCFnuY5Rt3NhK6zMZ/c0a52a3TZK/nnkCJfyQMwb+POKwAnZexZw==",
        "dependencies": {
          "Microsoft.Win32.SystemEvents": "10.0.2"
        }
      },
      "AWSSDK.Core": {
        "type": "Transitive",
        "resolved": "4.0.3.8",
        "contentHash": "nJyNzaz3pcD8c8hZvtJXuziJm1dkd3/BYmZvhf1TPNfMo3G3lsesGFZl1UVyQhGEfmQOS+efT0H8tf00PMmjug=="
      },
      "Isopoh.Cryptography.Argon2": {
        "type": "Transitive",
        "resolved": "2.0.0",
        "contentHash": "8ytWN19j+qARb/XYi7KkNMm4Z8zS6tfGgnsZ1N5ihbQ5LXfyL+uYowfJxtGW9TO0S8NM2q0BaTKGOtOlsrhclQ==",
        "dependencies": {
          "Isopoh.Cryptography.Blake2b": "2.0.0",
          "Isopoh.Cryptography.SecureArray": "2.0.0"
        }
      },
      "Isopoh.Cryptography.Blake2b": {
        "type": "Transitive",
        "resolved": "2.0.0",
        "contentHash": "Co56bjSZV13fpvYHEN04qG8hqc0rKRm4os8iEgpJ/kujvt0pYtOVhj5J0Q7HBPbHwpcChRh2CjYVCGm4nw85VQ==",
        "dependencies": {
          "Isopoh.Cryptography.SecureArray": "2.0.0"
        }
      },
      "Isopoh.Cryptography.SecureArray": {
        "type": "Transitive",
        "resolved": "2.0.0",
        "contentHash": "oWbRv/BTztKJxKFr3FBurWBBCgE1+nUTm3pwtA3Yg7Xeo4wDpaLstAwqx8HeQG3/b9yOs2qykpqfbNPJ40McIw=="
      },
      "Microsoft.EntityFrameworkCore": {
        "type": "Transitive",
        "resolved": "10.0.2",
        "contentHash": "d3+XKbLSHPCu3vwpXECoXcFbvGKmAhEeUmc1xy2czmuPnEF7rZN2HP5ZGMwCMbAKk4B01+nS4HixSMo2Vf/Y9g==",
        "dependencies": {
          "Microsoft.EntityFrameworkCore.Abstractions": "10.0.2",
          "Microsoft.EntityFrameworkCore.Analyzers": "10.0.2"
        }
      },
      "Microsoft.EntityFrameworkCore.Abstractions": {
        "type": "Transitive",
        "resolved": "10.0.2",
        "contentHash": "BzAwIU5mYeOmnKbEXrkwx7feW2V+zUTrK/kRonSib94tjvc0/iRj2a4N6YGXRhTNjaFP3tvCMIDaX1vIFF6dkg=="
      },
      "Microsoft.EntityFrameworkCore.Analyzers": {
        "type": "Transitive",
        "resolved": "10.0.2",
        "contentHash": "5C8aKN2HFhXfLhkrVvQ6yH990nw35pS7HNnwdBc628zIREaKJ4/rkdCXzxOdZo/SnCT3Kg7a/CqnhlzuJhlD4Q=="
      },
      "Microsoft.EntityFrameworkCore.Relational": {
        "type": "Transitive",
        "resolved": "10.0.1",
        "contentHash": "8/5kYGwKN6wtc89QqcPTOZDAJSMX8MzKCf5OmYjIfAHWTfsUEpGKYrdtfNk4X36rQ0BiU3n57Y4rbtnerzJN0Q==",
        "dependencies": {
          "Microsoft.EntityFrameworkCore": "10.0.1"
        }
      },
      "Microsoft.NETCore.Platforms": {
        "type": "Transitive",
        "resolved": "1.1.0",
        "contentHash": "kz0PEW2lhqygehI/d6XsPCQzD7ff7gUJaVGPVETX611eadGsA3A877GdSlU0LRVMCTH/+P3o2iDTak+S08V2+A=="
      },
      "Microsoft.Win32.SystemEvents": {
        "type": "Transitive",
        "resolved": "10.0.2",
        "contentHash": "1G4BdeFwc8E95MpwtR7pO4rEh2YCG/o5gqcOszdQRGrWX1ayHTZtho3xPuYZTbBxKb/3kQHjL3b4nQeNGvbM9g=="
      },
      "MiniProfiler.AspNetCore": {
        "type": "Transitive",
        "resolved": "4.5.4",
        "contentHash": "meedJsjpYOeHPhE8H6t+dGQ9zLxcCQVpi4DXzmxmYAXywmTzlo6jv2IASUv5QijTU0CxsROln3FHd8RsTO8Z8A==",
        "dependencies": {
          "MiniProfiler.Shared": "4.5.4"
        }
      },
      "MiniProfiler.Shared": {
        "type": "Transitive",
        "resolved": "4.5.4",
        "contentHash": "f8ckFm/xTS8C2Bn4BdVc94dNvg+tRfk0e4XFaETOqRi6r0PUOyn3Z9jTQCVpB3R1pP5WiRsEIrqqxux95BVpTA=="
      },
      "NETStandard.Library": {
        "type": "Transitive",
        "resolved": "1.6.1",
        "contentHash": "WcSp3+vP+yHNgS8EV5J7pZ9IRpeDuARBPN28by8zqff1wJQXm26PVU8L3/fYLBJVU7BtDyqNVWq2KlCVvSSR4A==",
        "dependencies": {
          "Microsoft.NETCore.Platforms": "1.1.0"
        }
      },
      "Npgsql": {
        "type": "Transitive",
        "resolved": "10.0.0",
        "contentHash": "xZAYhPOU2rUIFpV48xsqhCx9vXs6Y+0jX2LCoSEfDFYMw9jtAOUk3iQsCnDLrFIv9NT3JGMihn7nnuZsPKqJmA=="
      },
      "Sprache": {
        "type": "Transitive",
        "resolved": "2.3.1",
        "contentHash": "Q+mXeiTxiUYG3lKYF6TS82/SyB4F2613Q1yXTMwg4jWGHEEVC3yrzHtNcI4B3qnDI0+eJsezGJ0V+cToUytHWw=="
      },
      "tickflo.core": {
        "type": "Project",
        "dependencies": {
          "Isopoh.Cryptography.Argon2": "[2.0.0, )",
          "Microsoft.EntityFrameworkCore": "[10.0.2, )"
        }
      }
    }
  }
}