{
  "version": 1,
  "dependencies": {
    "net10.0": {
      "AWSSDK.S3": {
        "type": "Direct",
        "requested": "[4.0.101.5, )",
        "resolved": "4.0.101.5",
        "contentHash": "GJX493Zi6Q5vJumy597q4IQizx35Z7gzn7cobwAqhU/GT7rFaH92uSrWfVVBl+kXBUawZdu8EETZ2mKJJSGP7A==",
        "dependencies": {
          "AWSSDK.Core": "[4.0.100.9, 5.0.0)"
        }
      },
      "DotNetEnv": {
        "type": "Direct",
        "requested": "[3.2.0, )",
        "resolved": "3.2.0",
        "contentHash": "2q+PD+aJcRW9QuRcIv4F8WbvEDxI6cwxzZJec2i45cBY4cAKCAoW4ZPkApJ7H82wr6Yfmxx/0kb1nLnRmZrGZA==",
        "dependencies": {
          "Superpower": "3.0.0"
        }
      },
      "EFCore.NamingConventions": {
        "type": "Direct",
        "requested": "[10.0.1, )",
        "resolved": "10.0.1",
        "contentHash": "Xs5k8XfNKPkkQSkGmZkmDI1je0prLTdxse+s8PgTFZxyBrlrTLzTBUTVJtQKSsbvu4y+luAv8DdtO5SALJE++A==",
        "dependencies": {
          "Microsoft.EntityFrameworkCore": "[10.0.1, 11.0.0)",
          "Microsoft.EntityFrameworkCore.Relational": "[10.0.1, 11.0.0)"
        }
      },
      "MiniProfiler.AspNetCore.Mvc": {
        "type": "Direct",
        "requested": "[4.5.4, )",
        "resolved": "4.5.4",
        "contentHash": "+NqXyCy9aNdroPm6leW5+cpngtCnkCdoyOlJzvVN62uucSx+MYkx8jmKbgAt+aCP6aghADfHBExwrTIldHxapg==",
        "dependencies": {
          "MiniProfiler.AspNetCore": "4.5.4"
        }
      },
      "MiniProfiler.EntityFrameworkCore": {
        "type": "Direct",
        "requested": "[4.5.4, )",
        "resolved": "4.5.4",
        "contentHash": "SSOuBYtNbM8AMmsYMP6Edr7iBfVYzswVt/yoIDboBRLLUgkA4SyROCJuTTtZ8eJSzlNuq5DIR+BLCCcigaV/vw==",
        "dependencies": {
          "Microsoft.EntityFrameworkCore.Relational": "8.0.11",
          "MiniProfiler.Shared": "4.5.4"
        }
      },
      "Npgsql.EntityFrameworkCore.PostgreSQL": {
        "type": "Direct",
        "requested": "[10.0.3, )",
        "resolved": "10.0.3",
        "contentHash": "IPGrrZnRkuW7OlHDhUESZz4G5DLkW7Nej/O3Cx+0iTsgyU5XJxBgpsvTHLloo3WWuAKKbDHXBvWPVkX1deRh1Q==",
        "dependencies": {
          "Microsoft.EntityFrameworkCore": "[10.0.4, 11.0.0)",
          "Microsoft.EntityFrameworkCore.Relational": "[10.0.4, 11.0.0)",
          "Npgsql": "10.0.3"
        }
      },
      "SixLabors.ImageSharp": {
        "type": "Direct",
        "requested": "[3.1.12, )",
        "resolved": "3.1.12",
        "contentHash": "iAg6zifihXEFS/t7fiHhZBGAdCp3FavsF4i2ZIDp0JfeYeDVzvmlbY1CNhhIKimaIzrzSi5M/NBFcWvZT2rB/A=="
      },
      "System.Drawing.Common": {
        "type": "Direct",
        "requested": "[10.0.10, )",
        "resolved": "10.0.10",
        "contentHash": "R9q9TI//kGavXWTxvaSS9ERj79s+Vm7V7769zEmRbzdrIOJzAnGw+wWSo/JkaVdQfAAefV2V1bWYKCHF7Zs5oQ==",
        "dependencies": {
          "Microsoft.Win32.SystemEvents": "10.0.10"
        }
      },
      "AWSSDK.Core": {
        "type": "Transitive",
        "resolved": "4.0.100.9",
        "contentHash": "OPYy41jZjXwxxcYRotaq24HDrwUnVtBB/mvg1IwB9D1ICXAtHqMa1sp2hpmlVJCZwjlcrPcTCJIejInvV1vp5g=="
      },
      "Isopoh.Cryptography.Argon2": {
        "type": "Transitive",
        "resolved": "2.0.0",
        "contentHash": "8ytWN19j+qARb/XYi7KkNMm4Z8zS6tfGgnsZ1N5ihbQ5LXfyL+uYowfJxtGW9TO0S8NM2q0BaTKGOtOlsrhclQ==",
        "dependencies": {
          "Isopoh.Cryptography.Blake2b": "2.0.0",
          "Isopoh.Cryptography.SecureArray": "2.0.0"
        }
      },
      "Isopoh.Cryptography.Blake2b": {
        "type": "Transitive",
        "resolved": "2.0.0",
        "contentHash": "Co56bjSZV13fpvYHEN04qG8hqc0rKRm4os8iEgpJ/kujvt0pYtOVhj5J0Q7HBPbHwpcChRh2CjYVCGm4nw85VQ==",
        "dependencies": {
          "Isopoh.Cryptography.SecureArray": "2.0.0"
        }
      },
      "Isopoh.Cryptography.SecureArray": {
        "type": "Transitive",
        "resolved": "2.0.0",
        "contentHash": "oWbRv/BTztKJxKFr3FBurWBBCgE1+nUTm3pwtA3Yg7Xeo4wDpaLstAwqx8HeQG3/b9yOs2qykpqfbNPJ40McIw=="
      },
      "Microsoft.EntityFrameworkCore": {
        "type": "Transitive",
        "resolved": "10.0.4",
        "contentHash": "kzTsfFK2GCytp6DDTfQOmxPU4gbGdrIlP7PxrxF3ESNLtfXrC8BoUVZENBN2WORlZPAD7CVX6AYIglgkpXQooA==",
        "dependencies": {
          "Microsoft.EntityFrameworkCore.Abstractions": "10.0.4",
          "Microsoft.EntityFrameworkCore.Analyzers": "10.0.4"
        }
      },
      "Microsoft.EntityFrameworkCore.Abstractions": {
        "type": "Transitive",
        "resolved": "10.0.4",
        "contentHash": "qDcJqCfN1XYyX0ID/Hd9/kQTRvlia8S+Yuwyl9uFhBIKnOCbl9WMdGQCzbZUKbkpkfvf3P9CDdXsnxHyE3O0Aw=="
      },
      "Microsoft.EntityFrameworkCore.Analyzers": {
        "type": "Transitive",
        "resolved": "10.0.4",
        "contentHash": "pQeMHCyD3yTtCEGnHV4VsgKUvrESo3MR5mnh8sgQ1hWYmI1YFsUutDowBIxkobeWRtaRmBqQAtF7XQFW6FWuNA=="
      },
      "Microsoft.EntityFrameworkCore.Relational": {
        "type": "Transitive",
        "resolved": "10.0.4",
        "contentHash": "DOTjTHy93W3TwpMLM4SCm0n57Sc0Jj3+m2S6LSTstKyBB34eT1UouaMS19mpWwvtj42+sRiEjA3+rOTNoNzXFQ==",
        "dependencies": {
          "Microsoft.EntityFrameworkCore": "10.0.4"
        }
      },
      "Microsoft.Win32.SystemEvents": {
        "type": "Transitive",
        "resolved": "10.0.10",
        "contentHash": "IY0lTfC2uVwTizjtGgQ03ViwyXGQ9lMDblzB889/HyguAZJ2J8pRrjPown8h2eJe8WFc8nh+BUEsEPkshzizYQ=="
      },
      "MiniProfiler.AspNetCore": {
        "type": "Transitive",
        "resolved": "4.5.4",
        "contentHash": "meedJsjpYOeHPhE8H6t+dGQ9zLxcCQVpi4DXzmxmYAXywmTzlo6jv2IASUv5QijTU0CxsROln3FHd8RsTO8Z8A==",
        "dependencies": {
          "MiniProfiler.Shared": "4.5.4"
        }
      },
      "MiniProfiler.Shared": {
        "type": "Transitive",
        "resolved": "4.5.4",
        "contentHash": "f8ckFm/xTS8C2Bn4BdVc94dNvg+tRfk0e4XFaETOqRi6r0PUOyn3Z9jTQCVpB3R1pP5WiRsEIrqqxux95BVpTA=="
      },
      "Npgsql": {
        "type": "Transitive",
        "resolved": "10.0.3",
        "contentHash": "7nb5YzXuvWWJxB0J8DiyL3we+X4FOctZrt0fIBnucOIaIevFEEwGQVZKtiu9olXdlNAK1eNgqSral6r/jlhI4w=="
      },
      "Superpower": {
        "type": "Transitive",
        "resolved": "3.0.0",
        "contentHash": "bjKbAYWePooCAvPxQq+3KnmcLfRggMyRoXmtBMlmCG71bdwBHrO6rmRJ2DRIodg5aztNcxeZXBUVWT+H+MZUhw=="
      },
      "tickflo.core": {
        "type": "Project",
        "dependencies": {
          "EFCore.NamingConventions": "[10.0.1, )",
          "Isopoh.Cryptography.Argon2": "[2.0.0, )",
          "Microsoft.EntityFrameworkCore": "[10.0.4, )",
          "Npgsql.EntityFrameworkCore.PostgreSQL": "[10.0.3, )"
        }
      }
    }
  }
}